
Microsoft Visual Studio Solution File, Format Version 12.00
# Visual Studio Version 16
VisualStudioVersion = 16.0.30621.155
MinimumVisualStudioVersion = 10.0.40219.1
Project("{FAE04EC0-301F-11D3-BF4B-00C04F79EFBC}") = "задание 1", "задание 1\задание 1.csproj", "{96B3E8F9-7CBC-4CB9-AA80-08C7CED61941}"
EndProject
Global
	GlobalSection(SolutionConfigurationPlatforms) = preSolution
		Debug|Any CPU = Debug|Any CPU
		Release|Any CPU = Release|Any CPU
	EndGlobalSection
	GlobalSection(ProjectConfigurationPlatforms) = postSolution
		{96B3E8F9-7CBC-4CB9-AA80-08C7CED61941}.Debug|Any CPU.ActiveCfg = Debug|Any CPU
		{96B3E8F9-7CBC-4CB9-AA80-08C7CED61941}.Debug|Any CPU.Build.0 = Debug|Any CPU
		{96B3E8F9-7CBC-4CB9-AA80-08C7CED61941}.Release|Any CPU.ActiveCfg = Release|Any CPU
		{96B3E8F9-7CBC-4CB9-AA80-08C7CED61941}.Release|Any CPU.Build.0 = Release|Any CPU
	EndGlobalSection
	GlobalSection(SolutionProperties) = preSolution
		HideSolutionNode = FALSE
	EndGlobalSection
	GlobalSection(ExtensibilityGlobals) = postSolution
		SolutionGuid = {4A9554EB-C7D7-4747-8A80-5C32274602E3}
	EndGlobalSection
EndGlobal
